
Microsoft Visual Studio Solution File, Format Version 12.00
# Visual Studio Version 17
VisualStudioVersion = 17.5.33627.172
MinimumVisualStudioVersion = 10.0.40219.1
Project("{54A90642-561A-4BB1-A94E-469ADEE60C69}") = "vueapp", "vueapp\vueapp.esproj", "{FFE4885E-3F7F-4066-8FDB-A274B87146FD}"
EndProject
Project("{9A19103F-16F7-4668-BE54-9A1E7A4F7556}") = "webapi", "webapi\webapi.csproj", "{B8E8EB0B-329A-439A-98BA-CD5F42C06B87}"
EndProject
Global
	GlobalSection(SolutionConfigurationPlatforms) = preSolution
		Debug|Any CPU = Debug|Any CPU
		Release|Any CPU = Release|Any CPU
	EndGlobalSection
	GlobalSection(ProjectConfigurationPlatforms) = postSolution
		{FFE4885E-3F7F-4066-8FDB-A274B87146FD}.Debug|Any CPU.ActiveCfg = Debug|Any CPU
		{FFE4885E-3F7F-4066-8FDB-A274B87146FD}.Debug|Any CPU.Build.0 = Debug|Any CPU
		{FFE4885E-3F7F-4066-8FDB-A274B87146FD}.Debug|Any CPU.Deploy.0 = Debug|Any CPU
		{FFE4885E-3F7F-4066-8FDB-A274B87146FD}.Release|Any CPU.ActiveCfg = Release|Any CPU
		{FFE4885E-3F7F-4066-8FDB-A274B87146FD}.Release|Any CPU.Build.0 = Release|Any CPU
		{FFE4885E-3F7F-4066-8FDB-A274B87146FD}.Release|Any CPU.Deploy.0 = Release|Any CPU
		{B8E8EB0B-329A-439A-98BA-CD5F42C06B87}.Debug|Any CPU.ActiveCfg = Debug|Any CPU
		{B8E8EB0B-329A-439A-98BA-CD5F42C06B87}.Debug|Any CPU.Build.0 = Debug|Any CPU
		{B8E8EB0B-329A-439A-98BA-CD5F42C06B87}.Release|Any CPU.ActiveCfg = Release|Any CPU
		{B8E8EB0B-329A-439A-98BA-CD5F42C06B87}.Release|Any CPU.Build.0 = Release|Any CPU
	EndGlobalSection
	GlobalSection(SolutionProperties) = preSolution
		HideSolutionNode = FALSE
	EndGlobalSection
	GlobalSection(ExtensibilityGlobals) = postSolution
		SolutionGuid = {A5A67902-A21C-4632-B5CC-212605D7B4BA}
	EndGlobalSection
EndGlobal
